<?xml version="1.0" encoding="utf-8"?>
<Project ToolsVersion="4.0" xmlns="http://schemas.microsoft.com/developer/msbuild/2003">
  <ItemGroup>
    <Filter Include="Source Files">
      <UniqueIdentifier>{4FC737F1-C7A5-4376-A066-2A32D752A2FF}</UniqueIdentifier>
      <Extensions>cpp;c;cc;cxx;c++;cppm;ixx;def;odl;idl;hpj;bat;asm;asmx</Extensions>
    </Filter>
    <Filter Include="Header Files">
      <UniqueIdentifier>{93995380-89BD-4b04-88EB-625FBE52EBFB}</UniqueIdentifier>
      <Extensions>h;hh;hpp;hxx;h++;hm;inl;inc;ipp;xsd</Extensions>
    </Filter>
    <Filter Include="Resource Files">
      <UniqueIdentifier>{67DA6AB6-F800-4c08-8B7A-83BB121AAD01}</UniqueIdentifier>
      <Extensions>rc;ico;cur;bmp;dlg;rc2;rct;bin;rgs;gif;jpg;jpeg;jpe;resx;tiff;tif;png;wav;mfcribbon-ms</Extensions>
    </Filter>
    <Filter Include="Source Files\CoreEngine">
      <UniqueIdentifier>{ba8947b4-6266-4f0c-ac97-0fc3f8fc7ed9}</UniqueIdentifier>
    </Filter>
    <Filter Include="Source Files\CoreEngine\Model">
      <UniqueIdentifier>{4bd096f1-8a60-44e2-82d2-0bdaaf40f485}</UniqueIdentifier>
    </Filter>
    <Filter Include="Source Files\CoreEngine\Engine">
      <UniqueIdentifier>{ea165888-ddba-4383-8cdb-67c7a8d302f3}</UniqueIdentifier>
    </Filter>
    <Filter Include="Source Files\CoreEngine\Display">
      <UniqueIdentifier>{409b8cc6-f44c-4df3-a8b5-815a8048d3f9}</UniqueIdentifier>
    </Filter>
    <Filter Include="Source Files\CoreEngine\Shader">
      <UniqueIdentifier>{17ee642a-3a1e-4a8e-a282-25bdc2f644ae}</UniqueIdentifier>
    </Filter>
    <Filter Include="Header Files\EngineH">
      <UniqueIdentifier>{24f3d6b0-8886-46bb-9971-01cd041673bb}</UniqueIdentifier>
    </Filter>
    <Filter Include="Header Files\Game">
      <UniqueIdentifier>{d7f4d793-cb61-4a7b-a847-e5e265a76432}</UniqueIdentifier>
    </Filter>
    <Filter Include="Source Files\Game">
      <UniqueIdentifier>{0cd680fc-00b7-413f-9408-fd17dc296d0a}</UniqueIdentifier>
    </Filter>
  </ItemGroup>
  <ItemGroup>
    <ClCompile Include="glad.c">
      <Filter>Source Files</Filter>
    </ClCompile>
    <ClCompile Include="Main.cpp">
      <Filter>Source Files</Filter>
    </ClCompile>
    <ClCompile Include="Display.cpp">
      <Filter>Source Files\CoreEngine\Display</Filter>
    </ClCompile>
    <ClCompile Include="Loader.cpp">
      <Filter>Source Files\CoreEngine\Model</Filter>
    </ClCompile>
    <ClCompile Include="Mesh.cpp">
      <Filter>Source Files\CoreEngine\Model</Filter>
    </ClCompile>
    <ClCompile Include="Renderer.cpp">
      <Filter>Source Files\CoreEngine\Engine</Filter>
    </ClCompile>
    <ClCompile Include="ShaderProgram.cpp">
      <Filter>Source Files\CoreEngine\Shader</Filter>
    </ClCompile>
    <ClCompile Include="Utils.cpp">
      <Filter>Source Files\CoreEngine\Shader</Filter>
    </ClCompile>
    <ClCompile Include="Model.cpp">
      <Filter>Source Files\CoreEngine\Model</Filter>
    </ClCompile>
    <ClCompile Include="stb.cpp">
      <Filter>Source Files</Filter>
    </ClCompile>
    <ClCompile Include="Camera.cpp">
      <Filter>Source Files\CoreEngine\Engine</Filter>
    </ClCompile>
    <ClCompile Include="loadobj.cpp">
      <Filter>Source Files\CoreEngine\Model</Filter>
    </ClCompile>
    <ClCompile Include="Light.cpp">
      <Filter>Source Files\CoreEngine\Shader</Filter>
    </ClCompile>
    <ClCompile Include="Material.cpp">
      <Filter>Source Files\CoreEngine\Model</Filter>
    </ClCompile>
    <ClCompile Include="Maze.cpp">
      <Filter>Source Files\Game</Filter>
    </ClCompile>
    <ClCompile Include="ShaderTerrain.cpp">
      <Filter>Source Files\CoreEngine\Shader</Filter>
    </ClCompile>
    <ClCompile Include="GameManager.cpp">
      <Filter>Source Files\Game</Filter>
    </ClCompile>
  </ItemGroup>
  <ItemGroup>
    <ClInclude Include="Camera.h">
      <Filter>Header Files\EngineH</Filter>
    </ClInclude>
    <ClInclude Include="Display.h">
      <Filter>Header Files\EngineH</Filter>
    </ClInclude>
    <ClInclude Include="Light.h">
      <Filter>Header Files\EngineH</Filter>
    </ClInclude>
    <ClInclude Include="Loader.h">
      <Filter>Header Files\EngineH</Filter>
    </ClInclude>
    <ClInclude Include="Material.h">
      <Filter>Header Files\EngineH</Filter>
    </ClInclude>
    <ClInclude Include="Mesh.h">
      <Filter>Header Files\EngineH</Filter>
    </ClInclude>
    <ClInclude Include="Model.h">
      <Filter>Header Files\EngineH</Filter>
    </ClInclude>
    <ClInclude Include="objload.h">
      <Filter>Header Files\EngineH</Filter>
    </ClInclude>
    <ClInclude Include="Renderer.h">
      <Filter>Header Files\EngineH</Filter>
    </ClInclude>
    <ClInclude Include="ShaderProgram.h">
      <Filter>Header Files\EngineH</Filter>
    </ClInclude>
    <ClInclude Include="Utils.h">
      <Filter>Header Files\EngineH</Filter>
    </ClInclude>
    <ClInclude Include="Maze.h">
      <Filter>Header Files\Game</Filter>
    </ClInclude>
    <ClInclude Include="ShaderTerrain.h">
      <Filter>Header Files\EngineH</Filter>
    </ClInclude>
    <ClInclude Include="GameManager.h">
      <Filter>Header Files\Game</Filter>
    </ClInclude>
  </ItemGroup>
</Project>